[[package]]
category = "main"
description = "Fast ASN.1 parser and serializer with definitions for private keys, public keys, certificates, CRL, OCSP, CMS, PKCS#3, PKCS#7, PKCS#8, PKCS#12, PKCS#5, X.509 and TSP"
name = "asn1crypto"
optional = false
python-versions = "*"
version = "0.24.0"

[[package]]
category = "dev"
description = "Atomic file writes."
name = "atomicwrites"
optional = false
python-versions = ">=2.7, !=3.0.*, !=3.1.*, !=3.2.*, !=3.3.*"
version = "1.3.0"

[[package]]
category = "main"
description = "Classes Without Boilerplate"
name = "attrs"
optional = false
python-versions = ">=2.7, !=3.0.*, !=3.1.*, !=3.2.*, !=3.3.*"
version = "19.1.0"

[[package]]
category = "main"
description = "Self-service finite-state machines for the programmer on the go."
name = "automat"
optional = false
python-versions = "*"
version = "0.7.0"

[package.dependencies]
attrs = ">=16.1.0"
six = "*"

[[package]]
category = "main"
description = "Foreign Function Interface for Python calling C code."
name = "cffi"
optional = false
python-versions = "*"
version = "1.12.2"

[package.dependencies]
pycparser = "*"

[[package]]
category = "dev"
description = "Cross-platform colored terminal text."
marker = "sys_platform == \"win32\""
name = "colorama"
optional = false
python-versions = ">=2.7, !=3.0.*, !=3.1.*, !=3.2.*, !=3.3.*"
version = "0.4.1"

[[package]]
category = "main"
description = "Symbolic constants in Python"
name = "constantly"
optional = false
python-versions = "*"
version = "15.1.0"

[[package]]
category = "main"
description = "cryptography is a package which provides cryptographic recipes and primitives to Python developers."
name = "cryptography"
optional = false
python-versions = ">=2.7,!=3.0.*,!=3.1.*,!=3.2.*,!=3.3.*"
version = "2.6.1"

[package.dependencies]
asn1crypto = ">=0.21.0"
cffi = ">=1.8,<1.11.3 || >1.11.3"
six = ">=1.4.1"

[[package]]
category = "main"
description = "cssselect parses CSS3 Selectors and translates them to XPath 1.0"
name = "cssselect"
optional = false
python-versions = ">=2.7, !=3.0.*, !=3.1.*, !=3.2.*, !=3.3.*"
version = "1.0.3"

[[package]]
category = "main"
description = "Date parsing library designed to parse dates from HTML pages"
name = "dateparser"
optional = false
python-versions = "*"
version = "0.7.1"

[package.dependencies]
python-dateutil = "*"
pytz = "*"
regex = "*"
tzlocal = "*"

[[package]]
category = "main"
description = "A featureful, immutable, and correct URL for Python."
name = "hyperlink"
optional = false
python-versions = "*"
version = "18.0.0"

[package.dependencies]
idna = ">=2.5"

[[package]]
category = "main"
description = "Internationalized Domain Names in Applications (IDNA)"
name = "idna"
optional = false
python-versions = ">=2.7, !=3.0.*, !=3.1.*, !=3.2.*, !=3.3.*"
version = "2.8"

[[package]]
category = "main"
description = ""
name = "incremental"
optional = false
python-versions = "*"
version = "17.5.0"

[[package]]
category = "main"
description = "Powerful and Pythonic XML processing library combining libxml2/libxslt with the ElementTree API."
name = "lxml"
optional = false
python-versions = "*"
version = "4.3.3"

[[package]]
category = "dev"
description = "More routines for operating on iterables, beyond itertools"
name = "more-itertools"
optional = false
python-versions = ">=3.4"
version = "7.0.0"

[[package]]
category = "main"
description = "Parsel is a library to extract data from HTML and XML using XPath and CSS selectors"
name = "parsel"
optional = false
python-versions = "*"
version = "1.5.1"

[package.dependencies]
cssselect = ">=0.9"
lxml = ">=2.3"
six = ">=1.5.2"
w3lib = ">=1.19.0"

[[package]]
category = "dev"
description = "plugin and hook calling mechanisms for python"
name = "pluggy"
optional = false
python-versions = ">=2.7, !=3.0.*, !=3.1.*, !=3.2.*, !=3.3.*"
version = "0.9.0"

[[package]]
category = "dev"
description = "library with cross-python path, ini-parsing, io, code, log facilities"
name = "py"
optional = false
python-versions = ">=2.7, !=3.0.*, !=3.1.*, !=3.2.*, !=3.3.*"
version = "1.8.0"

[[package]]
category = "main"
description = "ASN.1 types and codecs"
name = "pyasn1"
optional = false
python-versions = "*"
version = "0.4.5"

[[package]]
category = "main"
description = "A collection of ASN.1-based protocols modules."
name = "pyasn1-modules"
optional = false
python-versions = "*"
version = "0.2.4"

[package.dependencies]
pyasn1 = ">=0.4.1,<0.5.0"

[[package]]
category = "main"
description = "C parser in Python"
name = "pycparser"
optional = false
python-versions = "*"
version = "2.19"

[[package]]
category = "main"
description = "Multi-producer-multi-consumer signal dispatching mechanism"
name = "pydispatcher"
optional = false
python-versions = "*"
version = "2.0.5"

[[package]]
category = "main"
description = "Hamcrest framework for matcher objects"
name = "pyhamcrest"
optional = false
python-versions = "*"
version = "1.9.0"

[package.dependencies]
setuptools = "*"
six = "*"

[[package]]
category = "main"
description = "Python wrapper module around the OpenSSL library"
name = "pyopenssl"
optional = false
python-versions = "*"
version = "19.0.0"

[package.dependencies]
cryptography = ">=2.3"
six = ">=1.5.2"

[[package]]
category = "main"
description = "Multi-producer-multi-consumer signal dispatching mechanism"
marker = "platform_python_implementation == \"PyPy\""
name = "pypydispatcher"
optional = false
python-versions = "*"
version = "2.1.2"

[[package]]
category = "dev"
description = "pytest: simple powerful testing with Python"
name = "pytest"
optional = false
python-versions = ">=2.7, !=3.0.*, !=3.1.*, !=3.2.*, !=3.3.*"
version = "3.10.1"

[package.dependencies]
atomicwrites = ">=1.0"
attrs = ">=17.4.0"
colorama = "*"
more-itertools = ">=4.0.0"
pluggy = ">=0.7"
py = ">=1.5.0"
setuptools = "*"
six = ">=1.10.0"

[[package]]
category = "main"
description = "Extensions to the standard Python datetime module"
name = "python-dateutil"
optional = false
python-versions = ">=2.7, !=3.0.*, !=3.1.*, !=3.2.*"
version = "2.8.0"

[package.dependencies]
six = ">=1.5"

[[package]]
category = "main"
description = "World timezone definitions, modern and historical"
name = "pytz"
optional = false
python-versions = "*"
version = "2018.9"

[[package]]
category = "main"
description = "Python for Window Extensions"
name = "pywin32"
optional = false
python-versions = "*"
version = "224"

[[package]]
category = "main"
description = "Collection of persistent (disk-based) queues"
name = "queuelib"
optional = false
python-versions = "*"
version = "1.5.0"

[[package]]
category = "main"
description = "Alternative regular expression module, to replace re."
name = "regex"
optional = false
python-versions = "*"
version = "2019.03.12"

[[package]]
category = "main"
description = "A high-level Web Crawling and Web Scraping framework"
name = "scrapy"
optional = false
python-versions = ">=2.7, !=3.0.*, !=3.1.*, !=3.2.*, !=3.3.*"
version = "1.6.0"

[package.dependencies]
PyDispatcher = ">=2.0.5"
PyPyDispatcher = ">=2.1.0"
Twisted = ">=13.1.0"
cssselect = ">=0.9"
lxml = "*"
parsel = ">=1.5"
pyOpenSSL = "*"
queuelib = "*"
service-identity = "*"
six = ">=1.5.2"
w3lib = ">=1.17.0"

[[package]]
category = "main"
description = "Service identity verification for pyOpenSSL & cryptography."
name = "service-identity"
optional = false
python-versions = "*"
version = "18.1.0"

[package.dependencies]
attrs = ">=16.0.0"
cryptography = "*"
pyasn1 = "*"
pyasn1-modules = "*"

[[package]]
category = "main"
description = "Python 2 and 3 compatibility utilities"
name = "six"
optional = false
python-versions = ">=2.6, !=3.0.*, !=3.1.*"
version = "1.12.0"

[[package]]
category = "main"
description = "An asynchronous networking framework written in Python"
name = "twisted"
optional = false
python-versions = "*"
version = "18.9.0"

[package.dependencies]
Automat = ">=0.3.0"
PyHamcrest = ">=1.9.0"
attrs = ">=17.4.0"
constantly = ">=15.1"
hyperlink = ">=17.1.1"
incremental = ">=16.10.1"
"zope.interface" = ">=4.4.2"

[[package]]
category = "main"
description = "tzinfo object for the local timezone"
name = "tzlocal"
optional = false
python-versions = "*"
version = "1.5.1"

[package.dependencies]
pytz = "*"

[[package]]
category = "main"
description = "Library of web-related functions"
name = "w3lib"
optional = false
python-versions = "*"
version = "1.20.0"

[package.dependencies]
six = ">=1.4.1"

[[package]]
category = "main"
description = "Interfaces for Python"
name = "zope.interface"
optional = false
python-versions = ">=2.7, !=3.0.*, !=3.1.*, !=3.2.*, !=3.3.*"
version = "4.6.0"

[package.dependencies]
setuptools = "*"

[metadata]
content-hash = "dfc394a00c6626b3898c22cd55e359aa49575e4f18ed12610d7b101c67f4a084"
python-versions = "^3.7"

[metadata.hashes]
asn1crypto = ["2f1adbb7546ed199e3c90ef23ec95c5cf3585bac7d11fb7eb562a3fe89c64e87", "9d5c20441baf0cb60a4ac34cc447c6c189024b6b4c6cd7877034f4965c464e49"]
atomicwrites = ["03472c30eb2c5d1ba9227e4c2ca66ab8287fbfbbda3888aa93dc2e28fc6811b4", "75a9445bac02d8d058d5e1fe689654ba5a6556a1dfd8ce6ec55a0ed79866cfa6"]
attrs = ["69c0dbf2ed392de1cb5ec704444b08a5ef81680a61cb899dc08127123af36a79", "f0b870f674851ecbfbbbd364d6b5cbdff9dcedbc7f3f5e18a6891057f21fe399"]
automat = ["cbd78b83fa2d81fe2a4d23d258e1661dd7493c9a50ee2f1a5b2cac61c1793b0e", "fdccab66b68498af9ecfa1fa43693abe546014dd25cf28543cbe9d1334916a58"]
cffi = ["00b97afa72c233495560a0793cdc86c2571721b4271c0667addc83c417f3d90f", "0ba1b0c90f2124459f6966a10c03794082a2f3985cd699d7d63c4a8dae113e11", "0bffb69da295a4fc3349f2ec7cbe16b8ba057b0a593a92cbe8396e535244ee9d", "21469a2b1082088d11ccd79dd84157ba42d940064abbfa59cf5f024c19cf4891", "2e4812f7fa984bf1ab253a40f1f4391b604f7fc424a3e21f7de542a7f8f7aedf", "2eac2cdd07b9049dd4e68449b90d3ef1adc7c759463af5beb53a84f1db62e36c", "2f9089979d7456c74d21303c7851f158833d48fb265876923edcb2d0194104ed", "3dd13feff00bddb0bd2d650cdb7338f815c1789a91a6f68fdc00e5c5ed40329b", "4065c32b52f4b142f417af6f33a5024edc1336aa845b9d5a8d86071f6fcaac5a", "51a4ba1256e9003a3acf508e3b4f4661bebd015b8180cc31849da222426ef585", "59888faac06403767c0cf8cfb3f4a777b2939b1fbd9f729299b5384f097f05ea", "59c87886640574d8b14910840327f5cd15954e26ed0bbd4e7cef95fa5aef218f", "610fc7d6db6c56a244c2701575f6851461753c60f73f2de89c79bbf1cc807f33", "70aeadeecb281ea901bf4230c6222af0248c41044d6f57401a614ea59d96d145", "71e1296d5e66c59cd2c0f2d72dc476d42afe02aeddc833d8e05630a0551dad7a", "8fc7a49b440ea752cfdf1d51a586fd08d395ff7a5d555dc69e84b1939f7ddee3", "9b5c2afd2d6e3771d516045a6cfa11a8da9a60e3d128746a7fe9ab36dfe7221f", "9c759051ebcb244d9d55ee791259ddd158188d15adee3c152502d3b69005e6bd", "b4d1011fec5ec12aa7cc10c05a2f2f12dfa0adfe958e56ae38dc140614035804", "b4f1d6332339ecc61275bebd1f7b674098a66fea11a00c84d1c58851e618dc0d", "c030cda3dc8e62b814831faa4eb93dd9a46498af8cd1d5c178c2de856972fd92", "c2e1f2012e56d61390c0e668c20c4fb0ae667c44d6f6a2eeea5d7148dcd3df9f", "c37c77d6562074452120fc6c02ad86ec928f5710fbc435a181d69334b4de1d84", "c8149780c60f8fd02752d0429246088c6c04e234b895c4a42e1ea9b4de8d27fb", "cbeeef1dc3c4299bd746b774f019de9e4672f7cc666c777cd5b409f0b746dac7", "e113878a446c6228669144ae8a56e268c91b7f1fafae927adc4879d9849e0ea7", "e21162bf941b85c0cda08224dade5def9360f53b09f9f259adb85fc7dd0e7b35", "fb6934ef4744becbda3143d30c6604718871495a5e36c408431bf33d9c146889"]
colorama = ["05eed71e2e327246ad6b38c540c4a3117230b19679b875190486ddd2d721422d", "f8ac84de7840f5b9c4e3347b3c1eaa50f7e49c2b07596221daec5edaabbd7c48"]
constantly = ["586372eb92059873e29eba4f9dec8381541b4d3834660707faf8ba59146dfc35", "dd2fa9d6b1a51a83f0d7dd76293d734046aa176e384bf6e33b7e44880eb37c5d"]
cryptography = ["066f815f1fe46020877c5983a7e747ae140f517f1b09030ec098503575265ce1", "210210d9df0afba9e000636e97810117dc55b7157c903a55716bb73e3ae07705", "26c821cbeb683facb966045e2064303029d572a87ee69ca5a1bf54bf55f93ca6", "2afb83308dc5c5255149ff7d3fb9964f7c9ee3d59b603ec18ccf5b0a8852e2b1", "2db34e5c45988f36f7a08a7ab2b69638994a8923853dec2d4af121f689c66dc8", "409c4653e0f719fa78febcb71ac417076ae5e20160aec7270c91d009837b9151", "45a4f4cf4f4e6a55c8128f8b76b4c057027b27d4c67e3fe157fa02f27e37830d", "48eab46ef38faf1031e58dfcc9c3e71756a1108f4c9c966150b605d4a1a7f659", "6b9e0ae298ab20d371fc26e2129fd683cfc0cfde4d157c6341722de645146537", "6c4778afe50f413707f604828c1ad1ff81fadf6c110cb669579dea7e2e98a75e", "8c33fb99025d353c9520141f8bc989c2134a1f76bac6369cea060812f5b5c2bb", "9873a1760a274b620a135054b756f9f218fa61ca030e42df31b409f0fb738b6c", "9b069768c627f3f5623b1cbd3248c5e7e92aec62f4c98827059eed7053138cc9", "9e4ce27a507e4886efbd3c32d120db5089b906979a4debf1d5939ec01b9dd6c5", "acb424eaca214cb08735f1a744eceb97d014de6530c1ea23beb86d9c6f13c2ad", "c8181c7d77388fe26ab8418bb088b1a1ef5fde058c6926790c8a0a3d94075a4a", "d4afbb0840f489b60f5a580a41a1b9c3622e08ecb5eec8614d4fb4cd914c4460", "d9ed28030797c00f4bc43c86bf819266c76a5ea61d006cd4078a93ebf7da6bfd", "e603aa7bb52e4e8ed4119a58a03b60323918467ef209e6ff9db3ac382e5cf2c6"]
cssselect = ["066d8bc5229af09617e24b3ca4d52f1f9092d9e061931f4184cd572885c23204", "3b5103e8789da9e936a68d993b70df732d06b8bb9a337a05ed4eb52c17ef7206"]
dateparser = ["42d51be54e74a8e80a4d76d1fa6e4edd997098fce24ad2d94a2eab5ef247193e", "78124c458c461ea7198faa3c038f6381f37588b84bb42740e91a4cbd260b1d09"]
hyperlink = ["98da4218a56b448c7ec7d2655cb339af1f7d751cf541469bb4fc28c4a4245b34", "f01b4ff744f14bc5d0a22a6b9f1525ab7d6312cb0ff967f59414bbac52f0a306"]
idna = ["c357b3f628cf53ae2c4c05627ecc484553142ca23264e593d327bcde5e9c3407", "ea8b7f6188e6fa117537c3df7da9fc686d485087abf6ac197f9c46432f7e4a3c"]
incremental = ["717e12246dddf231a349175f48d74d93e2897244939173b01974ab6661406b9f", "7b751696aaf36eebfab537e458929e194460051ccad279c72b755a167eebd4b3"]
lxml = ["03984196d00670b2ab14ae0ea83d5cc0cfa4f5a42558afa9ab5fa745995328f5", "0815b0c9f897468de6a386dc15917a0becf48cc92425613aa8bbfc7f0f82951f", "175f3825f075cf02d15099eb52658457cf0ff103dcf11512b5d2583e1d40f58b", "30e14c62d88d1e01a26936ecd1c6e784d4afc9aa002bba4321c5897937112616", "3210da6f36cf4b835ff1be853962b22cc354d506f493b67a4303c88bbb40d57b", "40f60819fbd5bad6e191ba1329bfafa09ab7f3f174b3d034d413ef5266963294", "43b26a865a61549919f8a42e094dfdb62847113cf776d84bd6b60e4e3fc20ea3", "4a03dd682f8e35a10234904e0b9508d705ff98cf962c5851ed052e9340df3d90", "62f382cddf3d2e52cf266e161aa522d54fd624b8cc567bc18f573d9d50d40e8e", "7b98f0325be8450da70aa4a796c4f06852949fe031878b4aa1d6c417a412f314", "846a0739e595871041385d86d12af4b6999f921359b38affb99cdd6b54219a8f", "a3080470559938a09a5d0ec558c005282e99ac77bf8211fb7b9a5c66390acd8d", "ad841b78a476623955da270ab8d207c3c694aa5eba71f4792f65926dc46c6ee8", "afdd75d9735e44c639ffd6258ce04a2de3b208f148072c02478162d0944d9da3", "b4fbf9b552faff54742bcd0791ab1da5863363fb19047e68f6592be1ac2dab33", "b90c4e32d6ec089d3fa3518436bdf5ce4d902a0787dbd9bb09f37afe8b994317", "b91cfe4438c741aeff662d413fd2808ac901cc6229c838236840d11de4586d63", "bdb0593a42070b0a5f138b79b872289ee73c8e25b3f0bea6564e795b55b6bcdd", "c4e4bca2bb68ce22320297dfa1a7bf070a5b20bcbaec4ee023f83d2f6e76496f", "cec4ab14af9eae8501be3266ff50c3c2aecc017ba1e86c160209bb4f0423df6a", "e83b4b2bf029f5104bc1227dbb7bf5ace6fd8fabaebffcd4f8106fafc69fc45f", "e995b3734a46d41ae60b6097f7c51ba9958648c6d1e0935b7e0ee446ee4abe22", "f679d93dec7f7210575c85379a31322df4c46496f184ef650d3aba1484b38a2d", "fd213bb5166e46974f113c8228daaef1732abc47cb561ce9c4c8eaed4bd3b09b", "fdcb57b906dbc1f80666e6290e794ab8fb959a2e17aa5aee1758a85d1da4533f", "ff424b01d090ffe1947ec7432b07f536912e0300458f9a7f48ea217dd8362b86"]
more-itertools = ["2112d2ca570bb7c3e53ea1a35cd5df42bb0fd10c45f0fb97178679c3c03d64c7", "c3e4748ba1aad8dba30a4886b0b1a2004f9a863837b8654e7059eebf727afa5a"]
parsel = ["493a9214acbdcb4487a084d95344c25e85e90426a67311ea0425dc5df8dc24b9", "9ccd82b8a122345601f6f9209e972c0e8c3518a188fcff2d37cb4d7bc570b4b8"]
pluggy = ["19ecf9ce9db2fce065a7a0586e07cfb4ac8614fe96edf628a264b1c70116cf8f", "84d306a647cc805219916e62aab89caa97a33a1dd8c342e87a37f91073cd4746"]
py = ["64f65755aee5b381cea27766a3a147c3f15b9b6b9ac88676de66ba2ae36793fa", "dc639b046a6e2cff5bbe40194ad65936d6ba360b52b3c3fe1d08a82dd50b5e53"]
pyasn1 = ["061442c60842f6d11051d4fdae9bc197b64bd41573a12234a753a0cb80b4f30b", "0ee2449bf4c4e535823acc25624c45a8b454f328d59d3f3eeb82d3567100b9bd", "5f9fb05c33e53b9a6ee3b1ed1d292043f83df465852bec876e93b47fd2df7eed", "65201d28e081f690a32401e6253cca4449ccacc8f3988e811fae66bd822910ee", "79b336b073a52fa3c3d8728e78fa56b7d03138ef59f44084de5f39650265b5ff", "8ec20f61483764de281e0b4aba7d12716189700debcfa9e7935780850bf527f3", "9458d0273f95d035de4c0d5e0643f25daba330582cc71bb554fe6969c015042a", "98d97a1833a29ca61cd04a60414def8f02f406d732f9f0bcb49f769faff1b699", "b00d7bfb6603517e189d1ad76967c7e805139f63e43096e5f871d1277f50aea5", "b06c0cfd708b806ea025426aace45551f91ea7f557e0c2d4fbd9a4b346873ce0", "d14d05984581770333731690f5453efd4b82e1e5d824a1d7976b868a2e5c38e8", "da2420fe13a9452d8ae97a0e478adde1dee153b11ba832a95b223a2ba01c10f7", "da6b43a8c9ae93bc80e2739efb38cc776ba74a886e3e9318d65fe81a8b8a2c6e"]
pyasn1-modules = ["136020f884635942239b33abdb63b1e0fdfb3c4bc8693f769ff1ab0908133a5b", "1c2ce0717e099620d7d425d2bb55e68f8126d77c8ba93112f0448a212048fe76", "39da883a45dfc71314c48bba772be63a13946d0dd6abde326df163656a7b13e1", "4160b0caedf8f1675ca7b94a65900d0219c715ac745cbc0c93557a9864b19748", "50c5f454c29bc8a7b8bfffc0fd00fed1f9012160b4532807a33c27af91747337", "52c46ecb2c1e7a03fe54dc8e11d6460ec7ebdcaedba3b0fe4ba2a811521df05f", "6db7a0510e55212b42a1f3e3553559eb214c8c8495e1018b4135d2bfb5a9169a", "79580acf813e3b7d6e69783884e6e83ac94bf4617b36a135b85c599d8a818a7b", "98e80b5ae1ed0d92694927a3e34df016c3b69b7bf439b32fc0a0dc516ec3653d", "9e879981cbf4c868a2267385a56837e0d384eab2d1690e6e0c8bba28d102509e", "a52090e8c5841ebbf08ae455146792d9ef3e8445b21055d3a3b7ed9c712b7c7c", "c00dad1d69d8592bbbc978f5beb3e992d3bf996e6b97eeec1c8608f81221d922", "c226b5c17683d98498e157d6ac0098b93f9c475da5bc50072f64bf3f3f6b828f"]
pycparser = ["a988718abfad80b6b157acce7bf130a30876d27603738ac39f140993246b25b3"]
pydispatcher = ["5570069e1b1769af1fe481de6dd1d3a388492acddd2cdad7a3bde145615d5caf", "5be4a8be12805ef7d712dd9a93284fb8bc53f309867e573f653a72e5fd10e433"]
pyhamcrest = ["6b672c02fdf7470df9674ab82263841ce8333fb143f32f021f6cb26f0e512420", "7a4bdade0ed98c699d728191a058a60a44d2f9c213c51e2dd1e6fb42f2c6128a", "8ffaa0a53da57e89de14ced7185ac746227a8894dbd5a3c718bf05ddbd1d56cd", "bac0bea7358666ce52e3c6c85139632ed89f115e9af52d44b3c36e0bf8cf16a9", "f30e9a310bcc1808de817a92e95169ffd16b60cbc5a016a49c8d0e8ababfae79"]
pyopenssl = ["aeca66338f6de19d1aa46ed634c3b9ae519a64b458f8468aec688e7e3c20f200", "c727930ad54b10fc157015014b666f2d8b41f70c0d03e83ab67624fd3dd5d1e6"]
pypydispatcher = ["b6bec5dfcff9d2535bca2b23c80eae367b1ac250a645106948d315fcfa9130f2"]
pytest = ["3f193df1cfe1d1609d4c583838bea3d532b18d6160fd3f55c9447fdca30848ec", "e246cf173c01169b9617fc07264b7b1316e78d7a650055235d6d897bc80d9660"]
python-dateutil = ["7e6584c74aeed623791615e26efd690f29817a27c73085b78e4bad02493df2fb", "c89805f6f4d64db21ed966fda138f8a5ed7a4fdbc1a8ee329ce1b74e3c74da9e"]
pytz = ["32b0891edff07e28efe91284ed9c31e123d84bea3fd98e1f72be2508f43ef8d9", "d5f05e487007e29e03409f9398d074e158d920d36eb82eaf66fb1136b0c5374c"]
pywin32 = ["22e218832a54ed206452c8f3ca9eff07ef327f8e597569a4c2828be5eaa09a77", "32b37abafbfeddb0fe718008d6aada5a71efa2874f068bee1f9e703983dcc49a", "35451edb44162d2f603b5b18bd427bc88fcbc74849eaa7a7e7cfe0f507e5c0c8", "4eda2e1e50faa706ff8226195b84fbcbd542b08c842a9b15e303589f85bfb41c", "5f265d72588806e134c8e1ede8561739071626ea4cc25c12d526aa7b82416ae5", "6852ceac5fdd7a146b570655c37d9eacd520ed1eaeec051ff41c6fc94243d8bf", "6dbc4219fe45ece6a0cc6baafe0105604fdee551b5e876dc475d3955b77190ec", "9bd07746ce7f2198021a9fa187fa80df7b221ec5e4c234ab6f00ea355a3baf99"]
queuelib = ["42b413295551bdc24ed9376c1a2cd7d0b1b0fa4746b77b27ca2b797a276a1a17", "ff43b5b74b9266f8df4232a8f768dc4d67281a271905e2ed4a3689d4d304cd02"]
regex = ["0306149889c1a1bec362511f737bc446245ddfcdbe4b556abdfc506ed46dfa47", "4b08704a5939c698d2d5950b5dc950597613216cc8c01048efc0da860a0c3db9", "6ba0eb777ada6887062c2620e6d644b011078d5d3dc09119ae7107285f6f95e9", "7789cc323948792c4c62b269a56f2f2f9bc77d44e54fd81e01b12a967dd7244c", "825143aadca0da7d26eeaf2ab0f8bc33921a5642e570ded92dde08c5aaebc65f", "8fbd057faab28ce552d89c46f7a968e950f07e80752dfb93891dd11c6b0ee3b4", "a41aabb0b9072a14f1e2e554f959ed6439b83610ed656edace9096a0b27e378e", "d8807231aed332a1d0456d2088967b87e8c664222bed8e566384ca0ec0b43bfd", "dfd89b642fe71f4e8a9906455d4147d453061377b650e6233ddd9ea822971360"]
scrapy = ["4ec03552c9aed1e82a376488150e904e0213bdee3ca140225105e9b03d0de204", "558dfd10ac53cb324ecd7eefd3eac412161c7507c082b01b0bcd2c6e2e9f0766"]
service-identity = ["001c0707759cb3de7e49c078a7c0c9cd12594161d3bf06b9c254fdcb1a60dc36", "0858a54aabc5b459d1aafa8a518ed2081a285087f349fe3e55197989232e2e2d"]
six = ["3350809f0555b11f552448330d0b52d5f24c91a322ea4a15ef22629740f3761c", "d16a0141ec1a18405cd4ce8b4613101da75da0e9a7aec5bdd4fa804d0e0eba73"]
twisted = ["294be2c6bf84ae776df2fc98e7af7d6537e1c5e60a46d33c3ce2a197677da395"]
tzlocal = ["4ebeb848845ac898da6519b9b31879cf13b6626f7184c496037b818e238f2c4e"]
w3lib = ["67eacd24f4f233a80bc472835ad6aad99616e49aa1d795f3dbb7b8b028fec6cf", "e54db912ae1c79d3e246b16d3645bdf701f70ac4f8a2fc46eeb284cc02a31cd7"]
"zope.interface" = ["086707e0f413ff8800d9c4bc26e174f7ee4c9c8b0302fbad68d083071822316c", "1157b1ec2a1f5bf45668421e3955c60c610e31913cc695b407a574efdbae1f7b", "11ebddf765bff3bbe8dbce10c86884d87f90ed66ee410a7e6c392086e2c63d02", "14b242d53f6f35c2d07aa2c0e13ccb710392bcd203e1b82a1828d216f6f6b11f", "1b3d0dcabc7c90b470e59e38a9acaa361be43b3a6ea644c0063951964717f0e5", "20a12ab46a7e72b89ce0671e7d7a6c3c1ca2c2766ac98112f78c5bddaa6e4375", "298f82c0ab1b182bd1f34f347ea97dde0fffb9ecf850ecf7f8904b8442a07487", "2f6175722da6f23dbfc76c26c241b67b020e1e83ec7fe93c9e5d3dd18667ada2", "3b877de633a0f6d81b600624ff9137312d8b1d0f517064dfc39999352ab659f0", "4265681e77f5ac5bac0905812b828c9fe1ce80c6f3e3f8574acfb5643aeabc5b", "550695c4e7313555549aa1cdb978dc9413d61307531f123558e438871a883d63", "5f4d42baed3a14c290a078e2696c5f565501abde1b2f3f1a1c0a94fbf6fbcc39", "62dd71dbed8cc6a18379700701d959307823b3b2451bdc018594c48956ace745", "7040547e5b882349c0a2cc9b50674b1745db551f330746af434aad4f09fba2cc", "7e099fde2cce8b29434684f82977db4e24f0efa8b0508179fce1602d103296a2", "7e5c9a5012b2b33e87980cee7d1c82412b2ebabcb5862d53413ba1a2cfde23aa", "81295629128f929e73be4ccfdd943a0906e5fe3cdb0d43ff1e5144d16fbb52b1", "95cc574b0b83b85be9917d37cd2fad0ce5a0d21b024e1a5804d044aabea636fc", "968d5c5702da15c5bf8e4a6e4b67a4d92164e334e9c0b6acf080106678230b98", "9e998ba87df77a85c7bed53240a7257afe51a07ee6bc3445a0bf841886da0b97", "a0c39e2535a7e9c195af956610dba5a1073071d2d85e9d2e5d789463f63e52ab", "a15e75d284178afe529a536b0e8b28b7e107ef39626a7809b4ee64ff3abc9127", "a6a6ff82f5f9b9702478035d8f6fb6903885653bff7ec3a1e011edc9b1a7168d", "b639f72b95389620c1f881d94739c614d385406ab1d6926a9ffe1c8abbea23fe", "bad44274b151d46619a7567010f7cde23a908c6faa84b97598fd2f474a0c6891", "bbcef00d09a30948756c5968863316c949d9cedbc7aabac5e8f0ffbdb632e5f1", "d788a3999014ddf416f2dc454efa4a5dbeda657c6aba031cf363741273804c6b", "eed88ae03e1ef3a75a0e96a55a99d7937ed03e53d0cffc2451c208db445a2966", "f99451f3a579e73b5dd58b1b08d1179791d49084371d9a47baad3b22417f0317"]
